
Microsoft Visual Studio Solution File, Format Version 12.00
# Visual Studio Version 17
VisualStudioVersion = 17.5.002.0
MinimumVisualStudioVersion = 10.0.40219.1
Project("{9A19103F-16F7-4668-BE54-9A1E7A4F7556}") = "AirGradientAPI", "AirGradientAPI.csproj", "{200DD6D2-B976-4958-8AD0-D158BB7A4C50}"
EndProject
Global
	GlobalSection(SolutionConfigurationPlatforms) = preSolution
		Debug|Any CPU = Debug|Any CPU
		Release|Any CPU = Release|Any CPU
	EndGlobalSection
	GlobalSection(ProjectConfigurationPlatforms) = postSolution
		{200DD6D2-B976-4958-8AD0-D158BB7A4C50}.Debug|Any CPU.ActiveCfg = Debug|Any CPU
		{200DD6D2-B976-4958-8AD0-D158BB7A4C50}.Debug|Any CPU.Build.0 = Debug|Any CPU
		{200DD6D2-B976-4958-8AD0-D158BB7A4C50}.Release|Any CPU.ActiveCfg = Release|Any CPU
		{200DD6D2-B976-4958-8AD0-D158BB7A4C50}.Release|Any CPU.Build.0 = Release|Any CPU
	EndGlobalSection
	GlobalSection(SolutionProperties) = preSolution
		HideSolutionNode = FALSE
	EndGlobalSection
	GlobalSection(ExtensibilityGlobals) = postSolution
		SolutionGuid = {D31A9626-38CA-411B-A29E-074E24EC4935}
	EndGlobalSection
EndGlobal
